<?xml version="1.0" encoding="utf-8"?>
<Project ToolsVersion="4.0" xmlns="http://schemas.microsoft.com/developer/msbuild/2003">
  <ItemGroup>
    <Filter Include="Form Files">
      <UniqueIdentifier>{99349809-55BA-4b9d-BF79-8FDBB0286EB3}</UniqueIdentifier>
      <Extensions>ui</Extensions>
    </Filter>
    <Filter Include="Resource Files">
      <UniqueIdentifier>{D9D6E242-F8AF-46E4-B9FD-80ECBC20BA3E}</UniqueIdentifier>
      <Extensions>qrc;*</Extensions>
      <ParseFiles>false</ParseFiles>
    </Filter>
    <Filter Include="Generated Files">
      <UniqueIdentifier>{71ED8ED8-ACB9-4CE9-BBE1-E00B30144E11}</UniqueIdentifier>
      <Extensions>moc;h;cpp</Extensions>
      <SourceControlFiles>False</SourceControlFiles>
    </Filter>
    <Filter Include="Generated Files\Debug">
      <UniqueIdentifier>{306125cf-d6b3-4024-a17a-a8ec24c01830}</UniqueIdentifier>
      <Extensions>cpp;moc</Extensions>
      <SourceControlFiles>False</SourceControlFiles>
    </Filter>
    <Filter Include="Generated Files\Release">
      <UniqueIdentifier>{fc6f62de-f6fd-4284-96c6-5bc3a651a0b0}</UniqueIdentifier>
      <Extensions>cpp;moc</Extensions>
      <SourceControlFiles>False</SourceControlFiles>
    </Filter>
    <Filter Include="model">
      <UniqueIdentifier>{3e0bdb84-5eaa-4d96-85f0-0ac447f162e5}</UniqueIdentifier>
    </Filter>
    <Filter Include="controller">
      <UniqueIdentifier>{6a2891cc-a295-403f-8c98-b85b2e60e20d}</UniqueIdentifier>
    </Filter>
    <Filter Include="view">
      <UniqueIdentifier>{09bec3ab-e0a8-4ce7-9771-422225228892}</UniqueIdentifier>
    </Filter>
    <Filter Include="Generated Files\X64">
      <UniqueIdentifier>{62f814b1-dced-418d-8f05-35c7292d6db6}</UniqueIdentifier>
      <Extensions>cpp;moc</Extensions>
      <SourceControlFiles>False</SourceControlFiles>
    </Filter>
  </ItemGroup>
  <ItemGroup>
    <ClCompile Include="GeneratedFiles\qrc_NetEase.cpp">
      <Filter>Generated Files</Filter>
    </ClCompile>
    <ClCompile Include="MainView.cpp">
      <Filter>view</Filter>
    </ClCompile>
    <ClCompile Include="main.cpp" />
    <ClCompile Include="Player.cpp">
      <Filter>model</Filter>
    </ClCompile>
    <ClCompile Include="ClusterItem.cpp">
      <Filter>model</Filter>
    </ClCompile>
    <ClCompile Include="ClusterSet.cpp">
      <Filter>model</Filter>
    </ClCompile>
    <ClCompile Include="ClusterAll.cpp">
      <Filter>model</Filter>
    </ClCompile>
    <ClCompile Include="Model.cpp">
      <Filter>model</Filter>
    </ClCompile>
    <ClCompile Include="Controller.cpp">
      <Filter>controller</Filter>
    </ClCompile>
    <ClCompile Include="NetEase.cpp">
      <Filter>view</Filter>
    </ClCompile>
    <ClCompile Include="MyCentralWidget.cpp">
      <Filter>view</Filter>
    </ClCompile>
    <ClCompile Include="ToolBar.cpp">
      <Filter>view</Filter>
    </ClCompile>
    <ClCompile Include="InfoList.cpp">
      <Filter>view</Filter>
    </ClCompile>
    <ClCompile Include="GeneratedFiles\X64\moc_MainView.cpp">
      <Filter>Generated Files\X64</Filter>
    </ClCompile>
    <ClCompile Include="GeneratedFiles\Debug\moc_MainView.cpp">
      <Filter>Generated Files\Debug</Filter>
    </ClCompile>
    <ClCompile Include="GeneratedFiles\Release\moc_MainView.cpp">
      <Filter>Generated Files\Release</Filter>
    </ClCompile>
  </ItemGroup>
  <ItemGroup>
    <CustomBuild Include="NetEase.ui">
      <Filter>Form Files</Filter>
    </CustomBuild>
    <CustomBuild Include="NetEase.qrc">
      <Filter>Resource Files</Filter>
    </CustomBuild>
    <CustomBuild Include="NetEase.h">
      <Filter>view</Filter>
    </CustomBuild>
    <CustomBuild Include="MainView.h">
      <Filter>view</Filter>
    </CustomBuild>
    <CustomBuild Include="Model.h">
      <Filter>model</Filter>
    </CustomBuild>
  </ItemGroup>
  <ItemGroup>
    <ClInclude Include="GeneratedFiles\ui_NetEase.h">
      <Filter>Generated Files</Filter>
    </ClInclude>
    <ClInclude Include="Player.h">
      <Filter>model</Filter>
    </ClInclude>
    <ClInclude Include="ClusterItem.h">
      <Filter>model</Filter>
    </ClInclude>
    <ClInclude Include="ClusterSet.h">
      <Filter>model</Filter>
    </ClInclude>
    <ClInclude Include="ClusterAll.h">
      <Filter>model</Filter>
    </ClInclude>
    <ClInclude Include="constant.h" />
    <ClInclude Include="Controller.h">
      <Filter>controller</Filter>
    </ClInclude>
    <ClInclude Include="MyCentralWidget.h">
      <Filter>view</Filter>
    </ClInclude>
    <ClInclude Include="ToolBar.h">
      <Filter>view</Filter>
    </ClInclude>
    <ClInclude Include="InfoList.h">
      <Filter>view</Filter>
    </ClInclude>
  </ItemGroup>
</Project>